<?xml version="1.0" encoding="utf-8"?>
<Project ToolsVersion="4.0" xmlns="http://schemas.microsoft.com/developer/msbuild/2003">
  <ItemGroup>
    <Filter Include="ソース ファイル">
      <UniqueIdentifier>{4FC737F1-C7A5-4376-A066-2A32D752A2FF}</UniqueIdentifier>
      <Extensions>cpp;c;cc;cxx;def;odl;idl;hpj;bat;asm;asmx</Extensions>
    </Filter>
    <Filter Include="ヘッダー ファイル">
      <UniqueIdentifier>{93995380-89BD-4b04-88EB-625FBE52EBFB}</UniqueIdentifier>
      <Extensions>h;hpp;hxx;hm;inl;inc;xsd</Extensions>
    </Filter>
    <Filter Include="リソース ファイル">
      <UniqueIdentifier>{67DA6AB6-F800-4c08-8B7A-83BB121AAD01}</UniqueIdentifier>
      <Extensions>rc;ico;cur;bmp;dlg;rc2;rct;bin;rgs;gif;jpg;jpeg;jpe;resx;tiff;tif;png;wav;mfcribbon-ms</Extensions>
    </Filter>
    <Filter Include="ソース ファイル\System">
      <UniqueIdentifier>{845a0071-459b-4da6-9c3d-7c300bcec721}</UniqueIdentifier>
    </Filter>
    <Filter Include="ソース ファイル\Question">
      <UniqueIdentifier>{1f15f7e3-aed9-4356-b385-6eee000b1ac0}</UniqueIdentifier>
    </Filter>
    <Filter Include="ヘッダー ファイル\System">
      <UniqueIdentifier>{9b7e2523-0092-49ae-b5e1-0392e2205765}</UniqueIdentifier>
    </Filter>
    <Filter Include="ヘッダー ファイル\Question">
      <UniqueIdentifier>{9463c0ff-c568-4141-8fca-c2c95243db5a}</UniqueIdentifier>
    </Filter>
  </ItemGroup>
  <ItemGroup>
    <ClCompile Include="camera.cpp">
      <Filter>ソース ファイル</Filter>
    </ClCompile>
    <ClCompile Include="bitmapText.cpp">
      <Filter>ソース ファイル\System</Filter>
    </ClCompile>
    <ClCompile Include="Game.cpp">
      <Filter>ソース ファイル\System</Filter>
    </ClCompile>
    <ClCompile Include="input.cpp">
      <Filter>ソース ファイル\System</Filter>
    </ClCompile>
    <ClCompile Include="main.cpp">
      <Filter>ソース ファイル\System</Filter>
    </ClCompile>
    <ClCompile Include="q1.cpp">
      <Filter>ソース ファイル\Question</Filter>
    </ClCompile>
    <ClCompile Include="q2.cpp">
      <Filter>ソース ファイル\Question</Filter>
    </ClCompile>
    <ClCompile Include="q3.cpp">
      <Filter>ソース ファイル\Question</Filter>
    </ClCompile>
    <ClCompile Include="q4.cpp">
      <Filter>ソース ファイル\Question</Filter>
    </ClCompile>
    <ClCompile Include="q5.cpp">
      <Filter>ソース ファイル\Question</Filter>
    </ClCompile>
    <ClCompile Include="q6.cpp">
      <Filter>ソース ファイル\Question</Filter>
    </ClCompile>
    <ClCompile Include="q7.cpp">
      <Filter>ソース ファイル\Question</Filter>
    </ClCompile>
    <ClCompile Include="q8.cpp">
      <Filter>ソース ファイル\Question</Filter>
    </ClCompile>
    <ClCompile Include="q9.cpp">
      <Filter>ソース ファイル\Question</Filter>
    </ClCompile>
    <ClCompile Include="q11_14.cpp">
      <Filter>ソース ファイル\Question</Filter>
    </ClCompile>
    <ClCompile Include="qselector.cpp">
      <Filter>ソース ファイル\Question</Filter>
    </ClCompile>
    <ClCompile Include="q15.cpp">
      <Filter>ソース ファイル\Question</Filter>
    </ClCompile>
    <ClCompile Include="q16.cpp">
      <Filter>ソース ファイル\Question</Filter>
    </ClCompile>
    <ClCompile Include="q17.cpp">
      <Filter>ソース ファイル\Question</Filter>
    </ClCompile>
    <ClCompile Include="q18.cpp">
      <Filter>ソース ファイル\Question</Filter>
    </ClCompile>
    <ClCompile Include="q19.cpp">
      <Filter>ソース ファイル\Question</Filter>
    </ClCompile>
    <ClCompile Include="q10.cpp">
      <Filter>ソース ファイル\Question</Filter>
    </ClCompile>
    <ClCompile Include="q20-21.cpp">
      <Filter>ソース ファイル\Question</Filter>
    </ClCompile>
    <ClCompile Include="math2D.cpp">
      <Filter>ソース ファイル</Filter>
    </ClCompile>
    <ClCompile Include="q22-23.cpp">
      <Filter>ソース ファイル\Question</Filter>
    </ClCompile>
    <ClCompile Include="q24.cpp">
      <Filter>ソース ファイル\Question</Filter>
    </ClCompile>
    <ClCompile Include="q25.cpp">
      <Filter>ソース ファイル\Question</Filter>
    </ClCompile>
    <ClCompile Include="q26.cpp">
      <Filter>ソース ファイル\Question</Filter>
    </ClCompile>
    <ClCompile Include="Map.cpp">
      <Filter>ソース ファイル</Filter>
    </ClCompile>
    <ClCompile Include="Player.cpp">
      <Filter>ソース ファイル</Filter>
    </ClCompile>
    <ClCompile Include="Particle.cpp">
      <Filter>ソース ファイル</Filter>
    </ClCompile>
    <ClCompile Include="q27.cpp">
      <Filter>ソース ファイル\Question</Filter>
    </ClCompile>
    <ClCompile Include="PlayerTopView.cpp">
      <Filter>ソース ファイル</Filter>
    </ClCompile>
    <ClCompile Include="q28.cpp">
      <Filter>ソース ファイル\Question</Filter>
    </ClCompile>
    <ClCompile Include="q30.cpp">
      <Filter>ソース ファイル\Question</Filter>
    </ClCompile>
    <ClCompile Include="SoftbodyTest.cpp">
      <Filter>ソース ファイル\Question</Filter>
    </ClCompile>
    <ClCompile Include="Underconstruction.cpp">
      <Filter>ソース ファイル\Question</Filter>
    </ClCompile>
    <ClCompile Include="LinkedParticle.cpp">
      <Filter>ソース ファイル</Filter>
    </ClCompile>
    <ClCompile Include="textwindow.cpp">
      <Filter>ソース ファイル</Filter>
    </ClCompile>
  </ItemGroup>
  <ItemGroup>
    <ClInclude Include="camera.h">
      <Filter>ヘッダー ファイル</Filter>
    </ClInclude>
    <ClInclude Include="Sequence.h">
      <Filter>ヘッダー ファイル\Question</Filter>
    </ClInclude>
    <ClInclude Include="input.h">
      <Filter>ヘッダー ファイル\System</Filter>
    </ClInclude>
    <ClInclude Include="Game.h">
      <Filter>ヘッダー ファイル\System</Filter>
    </ClInclude>
    <ClInclude Include="bitmapText.h">
      <Filter>ヘッダー ファイル\System</Filter>
    </ClInclude>
    <ClInclude Include="q1.h">
      <Filter>ヘッダー ファイル\Question</Filter>
    </ClInclude>
    <ClInclude Include="q2.h">
      <Filter>ヘッダー ファイル\Question</Filter>
    </ClInclude>
    <ClInclude Include="questions.h">
      <Filter>ヘッダー ファイル\Question</Filter>
    </ClInclude>
    <ClInclude Include="q3.h">
      <Filter>ヘッダー ファイル\Question</Filter>
    </ClInclude>
    <ClInclude Include="q4.h">
      <Filter>ヘッダー ファイル\Question</Filter>
    </ClInclude>
    <ClInclude Include="q5.h">
      <Filter>ヘッダー ファイル\Question</Filter>
    </ClInclude>
    <ClInclude Include="q6.h">
      <Filter>ヘッダー ファイル\Question</Filter>
    </ClInclude>
    <ClInclude Include="q7.h">
      <Filter>ヘッダー ファイル\Question</Filter>
    </ClInclude>
    <ClInclude Include="q8.h">
      <Filter>ヘッダー ファイル\Question</Filter>
    </ClInclude>
    <ClInclude Include="q9.h">
      <Filter>ヘッダー ファイル\Question</Filter>
    </ClInclude>
    <ClInclude Include="q11_14.h">
      <Filter>ヘッダー ファイル\Question</Filter>
    </ClInclude>
    <ClInclude Include="qSelector.h">
      <Filter>ヘッダー ファイル\Question</Filter>
    </ClInclude>
    <ClInclude Include="q15.h">
      <Filter>ヘッダー ファイル\Question</Filter>
    </ClInclude>
    <ClInclude Include="q16.h">
      <Filter>ヘッダー ファイル\Question</Filter>
    </ClInclude>
    <ClInclude Include="q17.h">
      <Filter>ヘッダー ファイル\Question</Filter>
    </ClInclude>
    <ClInclude Include="q18.h">
      <Filter>ヘッダー ファイル\Question</Filter>
    </ClInclude>
    <ClInclude Include="q19.h">
      <Filter>ヘッダー ファイル\Question</Filter>
    </ClInclude>
    <ClInclude Include="q10.h">
      <Filter>ヘッダー ファイル\Question</Filter>
    </ClInclude>
    <ClInclude Include="q20-21.h">
      <Filter>ヘッダー ファイル\Question</Filter>
    </ClInclude>
    <ClInclude Include="math2D.h">
      <Filter>ヘッダー ファイル</Filter>
    </ClInclude>
    <ClInclude Include="q22-23.h">
      <Filter>ヘッダー ファイル\Question</Filter>
    </ClInclude>
    <ClInclude Include="underConstruction.h">
      <Filter>ヘッダー ファイル\Question</Filter>
    </ClInclude>
    <ClInclude Include="q24.h">
      <Filter>ヘッダー ファイル\Question</Filter>
    </ClInclude>
    <ClInclude Include="q25.h">
      <Filter>ヘッダー ファイル\Question</Filter>
    </ClInclude>
    <ClInclude Include="q26.h">
      <Filter>ヘッダー ファイル\Question</Filter>
    </ClInclude>
    <ClInclude Include="Map.h">
      <Filter>ヘッダー ファイル</Filter>
    </ClInclude>
    <ClInclude Include="Player.h">
      <Filter>ヘッダー ファイル</Filter>
    </ClInclude>
    <ClInclude Include="q27.h">
      <Filter>ヘッダー ファイル\Question</Filter>
    </ClInclude>
    <ClInclude Include="Particle.h">
      <Filter>ヘッダー ファイル</Filter>
    </ClInclude>
    <ClInclude Include="PlayerTopView.h">
      <Filter>ヘッダー ファイル</Filter>
    </ClInclude>
    <ClInclude Include="q28.h">
      <Filter>ヘッダー ファイル\Question</Filter>
    </ClInclude>
    <ClInclude Include="q30.h">
      <Filter>ヘッダー ファイル\Question</Filter>
    </ClInclude>
    <ClInclude Include="SoftBodyTest.h">
      <Filter>ヘッダー ファイル\Question</Filter>
    </ClInclude>
    <ClInclude Include="LinkedParticle.h">
      <Filter>ヘッダー ファイル</Filter>
    </ClInclude>
    <ClInclude Include="textWindow.h">
      <Filter>ヘッダー ファイル</Filter>
    </ClInclude>
  </ItemGroup>
</Project>